
Microsoft Visual Studio Solution File, Format Version 12.00
# Visual Studio Version 17
VisualStudioVersion = 17.9.34902.65
MinimumVisualStudioVersion = 10.0.40219.1
Project("{FAE04EC0-301F-11D3-BF4B-00C04F79EFBC}") = "BlazorTest", "BlazorTest\BlazorTest.csproj", "{3A0056FD-E345-4604-A1EC-7353B2772090}"
EndProject
Global
	GlobalSection(SolutionConfigurationPlatforms) = preSolution
		Debug|Any CPU = Debug|Any CPU
		Release|Any CPU = Release|Any CPU
	EndGlobalSection
	GlobalSection(ProjectConfigurationPlatforms) = postSolution
		{3A0056FD-E345-4604-A1EC-7353B2772090}.Debug|Any CPU.ActiveCfg = Debug|Any CPU
		{3A0056FD-E345-4604-A1EC-7353B2772090}.Debug|Any CPU.Build.0 = Debug|Any CPU
		{3A0056FD-E345-4604-A1EC-7353B2772090}.Release|Any CPU.ActiveCfg = Release|Any CPU
		{3A0056FD-E345-4604-A1EC-7353B2772090}.Release|Any CPU.Build.0 = Release|Any CPU
	EndGlobalSection
	GlobalSection(SolutionProperties) = preSolution
		HideSolutionNode = FALSE
	EndGlobalSection
	GlobalSection(ExtensibilityGlobals) = postSolution
		SolutionGuid = {553717C7-A75B-412F-B3DA-65FAE2D75B5D}
	EndGlobalSection
EndGlobal
